
Microsoft Visual Studio Solution File, Format Version 12.00
# Visual Studio Version 17
VisualStudioVersion = 17.13.35828.75
MinimumVisualStudioVersion = 10.0.40219.1
Project("{FAE04EC0-301F-11D3-BF4B-00C04F79EFBC}") = "Villa", "Villa\Villa.csproj", "{0ED56B62-B3BB-477A-8DED-AD728CF7F62A}"
EndProject
Project("{FAE04EC0-301F-11D3-BF4B-00C04F79EFBC}") = "Villa_Web", "Villa_Web\Villa_Web.csproj", "{F59DDDAE-55D0-4A34-AB3E-819F6EF972BF}"
EndProject
Project("{FAE04EC0-301F-11D3-BF4B-00C04F79EFBC}") = "Villa_Utility", "Villa_Utility\Villa_Utility.csproj", "{5C45DD11-3527-4D99-8337-FBBBDBB67258}"
EndProject
Project("{2150E333-8FDC-42A3-9474-1A3956D46DE8}") = "Doc", "Doc", "{02EA681E-C7D8-13C7-8484-4AC65E1B71E8}"
EndProject
Project("{2150E333-8FDC-42A3-9474-1A3956D46DE8}") = "Src", "Src", "{39BFECAB-8D10-404A-AF73-4D03CF8E9B6B}"
EndProject
Project("{2150E333-8FDC-42A3-9474-1A3956D46DE8}") = "Tests", "Tests", "{29ED97EA-09F2-49DF-B671-71AAE9E739C3}"
EndProject
Project("{2150E333-8FDC-42A3-9474-1A3956D46DE8}") = "Common", "Common", "{922904A3-BAB0-4736-93AE-8A49DDF4E84C}"
EndProject
Project("{2150E333-8FDC-42A3-9474-1A3956D46DE8}") = "Core", "Core", "{15E49BFC-E9CE-46A0-AE18-6DCA3C1F3A80}"
EndProject
Project("{2150E333-8FDC-42A3-9474-1A3956D46DE8}") = "Infrastructure", "Infrastructure", "{6C3FDBEA-CD7F-4EF4-B97B-A9F73498F0E8}"
EndProject
Project("{2150E333-8FDC-42A3-9474-1A3956D46DE8}") = "Presentation", "Presentation", "{0CF5BB87-EA23-45AD-BBA1-B6C49F3519E1}"
EndProject
Project("{FAE04EC0-301F-11D3-BF4B-00C04F79EFBC}") = "Villa.Common", "Villa.Common\Villa.Common.csproj", "{C8B83B23-4ACC-4822-98BB-9EB836307414}"
EndProject
Project("{FAE04EC0-301F-11D3-BF4B-00C04F79EFBC}") = "Villa.Application", "Villa.Application\Villa.Application.csproj", "{7A16CF68-4576-45B0-B5E5-D442F0E04071}"
EndProject
Project("{FAE04EC0-301F-11D3-BF4B-00C04F79EFBC}") = "Villa.Domain", "Villa.Domain\Villa.Domain.csproj", "{10FD2162-F225-4EB7-9146-8451FE466DBF}"
EndProject
Project("{FAE04EC0-301F-11D3-BF4B-00C04F79EFBC}") = "Villa.Infrastructure", "Villa.Infrastructure\Villa.Infrastructure.csproj", "{EEC28087-EC33-4F15-8893-FFF504240F6C}"
EndProject
Project("{FAE04EC0-301F-11D3-BF4B-00C04F79EFBC}") = "Villa.Persistence", "Villa.Persistence\Villa.Persistence.csproj", "{D8282524-7F36-498C-B8C9-70216EFD0DF8}"
EndProject
Project("{2150E333-8FDC-42A3-9474-1A3956D46DE8}") = "Utility", "Utility", "{866F04E4-8CB2-46A2-A314-62EE9A77CD7B}"
EndProject
Global
	GlobalSection(SolutionConfigurationPlatforms) = preSolution
		Debug|Any CPU = Debug|Any CPU
		Release|Any CPU = Release|Any CPU
	EndGlobalSection
	GlobalSection(ProjectConfigurationPlatforms) = postSolution
		{0ED56B62-B3BB-477A-8DED-AD728CF7F62A}.Debug|Any CPU.ActiveCfg = Debug|Any CPU
		{0ED56B62-B3BB-477A-8DED-AD728CF7F62A}.Debug|Any CPU.Build.0 = Debug|Any CPU
		{0ED56B62-B3BB-477A-8DED-AD728CF7F62A}.Release|Any CPU.ActiveCfg = Release|Any CPU
		{0ED56B62-B3BB-477A-8DED-AD728CF7F62A}.Release|Any CPU.Build.0 = Release|Any CPU
		{F59DDDAE-55D0-4A34-AB3E-819F6EF972BF}.Debug|Any CPU.ActiveCfg = Debug|Any CPU
		{F59DDDAE-55D0-4A34-AB3E-819F6EF972BF}.Debug|Any CPU.Build.0 = Debug|Any CPU
		{F59DDDAE-55D0-4A34-AB3E-819F6EF972BF}.Release|Any CPU.ActiveCfg = Release|Any CPU
		{F59DDDAE-55D0-4A34-AB3E-819F6EF972BF}.Release|Any CPU.Build.0 = Release|Any CPU
		{5C45DD11-3527-4D99-8337-FBBBDBB67258}.Debug|Any CPU.ActiveCfg = Debug|Any CPU
		{5C45DD11-3527-4D99-8337-FBBBDBB67258}.Debug|Any CPU.Build.0 = Debug|Any CPU
		{5C45DD11-3527-4D99-8337-FBBBDBB67258}.Release|Any CPU.ActiveCfg = Release|Any CPU
		{5C45DD11-3527-4D99-8337-FBBBDBB67258}.Release|Any CPU.Build.0 = Release|Any CPU
		{C8B83B23-4ACC-4822-98BB-9EB836307414}.Debug|Any CPU.ActiveCfg = Debug|Any CPU
		{C8B83B23-4ACC-4822-98BB-9EB836307414}.Debug|Any CPU.Build.0 = Debug|Any CPU
		{C8B83B23-4ACC-4822-98BB-9EB836307414}.Release|Any CPU.ActiveCfg = Release|Any CPU
		{C8B83B23-4ACC-4822-98BB-9EB836307414}.Release|Any CPU.Build.0 = Release|Any CPU
		{7A16CF68-4576-45B0-B5E5-D442F0E04071}.Debug|Any CPU.ActiveCfg = Debug|Any CPU
		{7A16CF68-4576-45B0-B5E5-D442F0E04071}.Debug|Any CPU.Build.0 = Debug|Any CPU
		{7A16CF68-4576-45B0-B5E5-D442F0E04071}.Release|Any CPU.ActiveCfg = Release|Any CPU
		{7A16CF68-4576-45B0-B5E5-D442F0E04071}.Release|Any CPU.Build.0 = Release|Any CPU
		{10FD2162-F225-4EB7-9146-8451FE466DBF}.Debug|Any CPU.ActiveCfg = Debug|Any CPU
		{10FD2162-F225-4EB7-9146-8451FE466DBF}.Debug|Any CPU.Build.0 = Debug|Any CPU
		{10FD2162-F225-4EB7-9146-8451FE466DBF}.Release|Any CPU.ActiveCfg = Release|Any CPU
		{10FD2162-F225-4EB7-9146-8451FE466DBF}.Release|Any CPU.Build.0 = Release|Any CPU
		{EEC28087-EC33-4F15-8893-FFF504240F6C}.Debug|Any CPU.ActiveCfg = Debug|Any CPU
		{EEC28087-EC33-4F15-8893-FFF504240F6C}.Debug|Any CPU.Build.0 = Debug|Any CPU
		{EEC28087-EC33-4F15-8893-FFF504240F6C}.Release|Any CPU.ActiveCfg = Release|Any CPU
		{EEC28087-EC33-4F15-8893-FFF504240F6C}.Release|Any CPU.Build.0 = Release|Any CPU
		{D8282524-7F36-498C-B8C9-70216EFD0DF8}.Debug|Any CPU.ActiveCfg = Debug|Any CPU
		{D8282524-7F36-498C-B8C9-70216EFD0DF8}.Debug|Any CPU.Build.0 = Debug|Any CPU
		{D8282524-7F36-498C-B8C9-70216EFD0DF8}.Release|Any CPU.ActiveCfg = Release|Any CPU
		{D8282524-7F36-498C-B8C9-70216EFD0DF8}.Release|Any CPU.Build.0 = Release|Any CPU
	EndGlobalSection
	GlobalSection(SolutionProperties) = preSolution
		HideSolutionNode = FALSE
	EndGlobalSection
	GlobalSection(NestedProjects) = preSolution
		{0ED56B62-B3BB-477A-8DED-AD728CF7F62A} = {0CF5BB87-EA23-45AD-BBA1-B6C49F3519E1}
		{F59DDDAE-55D0-4A34-AB3E-819F6EF972BF} = {0CF5BB87-EA23-45AD-BBA1-B6C49F3519E1}
		{5C45DD11-3527-4D99-8337-FBBBDBB67258} = {866F04E4-8CB2-46A2-A314-62EE9A77CD7B}
		{922904A3-BAB0-4736-93AE-8A49DDF4E84C} = {39BFECAB-8D10-404A-AF73-4D03CF8E9B6B}
		{15E49BFC-E9CE-46A0-AE18-6DCA3C1F3A80} = {39BFECAB-8D10-404A-AF73-4D03CF8E9B6B}
		{6C3FDBEA-CD7F-4EF4-B97B-A9F73498F0E8} = {39BFECAB-8D10-404A-AF73-4D03CF8E9B6B}
		{0CF5BB87-EA23-45AD-BBA1-B6C49F3519E1} = {39BFECAB-8D10-404A-AF73-4D03CF8E9B6B}
		{C8B83B23-4ACC-4822-98BB-9EB836307414} = {922904A3-BAB0-4736-93AE-8A49DDF4E84C}
		{7A16CF68-4576-45B0-B5E5-D442F0E04071} = {15E49BFC-E9CE-46A0-AE18-6DCA3C1F3A80}
		{10FD2162-F225-4EB7-9146-8451FE466DBF} = {15E49BFC-E9CE-46A0-AE18-6DCA3C1F3A80}
		{EEC28087-EC33-4F15-8893-FFF504240F6C} = {6C3FDBEA-CD7F-4EF4-B97B-A9F73498F0E8}
		{D8282524-7F36-498C-B8C9-70216EFD0DF8} = {6C3FDBEA-CD7F-4EF4-B97B-A9F73498F0E8}
		{866F04E4-8CB2-46A2-A314-62EE9A77CD7B} = {39BFECAB-8D10-404A-AF73-4D03CF8E9B6B}
	EndGlobalSection
	GlobalSection(ExtensibilityGlobals) = postSolution
		SolutionGuid = {09C676CE-CB9E-4174-9207-293B6FDF079A}
	EndGlobalSection
EndGlobal
